
Microsoft Visual Studio Solution File, Format Version 12.00
# Visual Studio Version 17
VisualStudioVersion = 17.1.32407.343
MinimumVisualStudioVersion = 10.0.40219.1
Project("{9A19103F-16F7-4668-BE54-9A1E7A4F7556}") = "AssembliesAndNamespaces", "AssembliesAndNamespaces\AssembliesAndNamespaces.csproj", "{1BB13564-9CC6-4E6C-A718-67DBD5EFF7FD}"
EndProject
Project("{9A19103F-16F7-4668-BE54-9A1E7A4F7556}") = "SharedLibrary", "SharedLibrary\SharedLibrary.csproj", "{4F9CBD94-7D2D-41B0-9BE2-8FB2A79CE3E2}"
EndProject
Project("{9A19103F-16F7-4668-BE54-9A1E7A4F7556}") = "DotNetEverywhere", "DotNetEverywhere\DotNetEverywhere.csproj", "{0C7C6EC2-1860-4D4C-94AB-8E59208D2430}"
EndProject
Project("{FAE04EC0-301F-11D3-BF4B-00C04F79EFBC}") = "UsingPreviewFeatures", "UsingPreviewFeatures\UsingPreviewFeatures.csproj", "{127F4ABD-5A46-44D8-89AE-4DB91094DC9E}"
EndProject
Global
	GlobalSection(SolutionConfigurationPlatforms) = preSolution
		Debug|Any CPU = Debug|Any CPU
		Release|Any CPU = Release|Any CPU
	EndGlobalSection
	GlobalSection(ProjectConfigurationPlatforms) = postSolution
		{1BB13564-9CC6-4E6C-A718-67DBD5EFF7FD}.Debug|Any CPU.ActiveCfg = Debug|Any CPU
		{1BB13564-9CC6-4E6C-A718-67DBD5EFF7FD}.Debug|Any CPU.Build.0 = Debug|Any CPU
		{1BB13564-9CC6-4E6C-A718-67DBD5EFF7FD}.Release|Any CPU.ActiveCfg = Release|Any CPU
		{1BB13564-9CC6-4E6C-A718-67DBD5EFF7FD}.Release|Any CPU.Build.0 = Release|Any CPU
		{4F9CBD94-7D2D-41B0-9BE2-8FB2A79CE3E2}.Debug|Any CPU.ActiveCfg = Debug|Any CPU
		{4F9CBD94-7D2D-41B0-9BE2-8FB2A79CE3E2}.Debug|Any CPU.Build.0 = Debug|Any CPU
		{4F9CBD94-7D2D-41B0-9BE2-8FB2A79CE3E2}.Release|Any CPU.ActiveCfg = Release|Any CPU
		{4F9CBD94-7D2D-41B0-9BE2-8FB2A79CE3E2}.Release|Any CPU.Build.0 = Release|Any CPU
		{0C7C6EC2-1860-4D4C-94AB-8E59208D2430}.Debug|Any CPU.ActiveCfg = Debug|Any CPU
		{0C7C6EC2-1860-4D4C-94AB-8E59208D2430}.Debug|Any CPU.Build.0 = Debug|Any CPU
		{0C7C6EC2-1860-4D4C-94AB-8E59208D2430}.Release|Any CPU.ActiveCfg = Release|Any CPU
		{0C7C6EC2-1860-4D4C-94AB-8E59208D2430}.Release|Any CPU.Build.0 = Release|Any CPU
		{127F4ABD-5A46-44D8-89AE-4DB91094DC9E}.Debug|Any CPU.ActiveCfg = Debug|Any CPU
		{127F4ABD-5A46-44D8-89AE-4DB91094DC9E}.Debug|Any CPU.Build.0 = Debug|Any CPU
		{127F4ABD-5A46-44D8-89AE-4DB91094DC9E}.Release|Any CPU.ActiveCfg = Release|Any CPU
		{127F4ABD-5A46-44D8-89AE-4DB91094DC9E}.Release|Any CPU.Build.0 = Release|Any CPU
	EndGlobalSection
	GlobalSection(SolutionProperties) = preSolution
		HideSolutionNode = FALSE
	EndGlobalSection
	GlobalSection(ExtensibilityGlobals) = postSolution
		SolutionGuid = {051D1FAA-D62C-483F-B995-A269C21782AE}
	EndGlobalSection
EndGlobal
